{
  "name": "toshokan",
  "lockfileVersion": 3,
  "requires": true,
  "packages": {
    "": {
      "name": "toshokan",
      "dependencies": {
        "datascript": "1.6.5"
      }
    },
    "node_modules/datascript": {
      "version": "1.6.5",
      "resolved": "https://registry.npmjs.org/datascript/-/datascript-1.6.5.tgz",
      "integrity": "sha512-U/+7uKWUTHLQIvRRVduuPt1rbUJNqf8ABZko2OgVLEFMJKhcIc97ASjPLEDEoGoyvhufRJRu9Mvh/xh0Ix1geg==",
      "engines": {
        "node": ">=0.8.22"
      }
    }
  }
}
